# THIS IS AN AUTOGENERATED FILE. DO NOT EDIT THIS FILE DIRECTLY.
# yarn lockfile v1


"@esbuild/aix-ppc64@0.27.3":
  version "0.27.3"
  resolved "https://registry.yarnpkg.com/@esbuild/aix-ppc64/-/aix-ppc64-0.27.3.tgz#815b39267f9bffd3407ea6c376ac32946e24f8d2"
  integrity sha512-9fJMTNFTWZMh5qwrBItuziu834eOCUcEqymSH7pY+zoMVEZg3gcPuBNxH1EvfVYe9h0x/Ptw8KBzv7qxb7l8dg==

"@esbuild/android-arm64@0.27.3":
  version "0.27.3"
  resolved "https://registry.yarnpkg.com/@esbuild/android-arm64/-/android-arm64-0.27.3.tgz#19b882408829ad8e12b10aff2840711b2da361e8"
  integrity sha512-YdghPYUmj/FX2SYKJ0OZxf+iaKgMsKHVPF1MAq/P8WirnSpCStzKJFjOjzsW0QQ7oIAiccHdcqjbHmJxRb/dmg==

"@esbuild/android-arm@0.27.3":
  version "0.27.3"
  resolved "https://registry.yarnpkg.com/@esbuild/android-arm/-/android-arm-0.27.3.tgz#90be58de27915efa27b767fcbdb37a4470627d7b"
  integrity sha512-i5D1hPY7GIQmXlXhs2w8AWHhenb00+GxjxRncS2ZM7YNVGNfaMxgzSGuO8o8SJzRc/oZwU2bcScvVERk03QhzA==

"@esbuild/android-x64@0.27.3":
  version "0.27.3"
  resolved "https://registry.yarnpkg.com/@esbuild/android-x64/-/android-x64-0.27.3.tgz#d7dcc976f16e01a9aaa2f9b938fbec7389f895ac"
  integrity sha512-IN/0BNTkHtk8lkOM8JWAYFg4ORxBkZQf9zXiEOfERX/CzxW3Vg1ewAhU7QSWQpVIzTW+b8Xy+lGzdYXV6UZObQ==

"@esbuild/darwin-arm64@0.27.3":
  version "0.27.3"
  resolved "https://registry.yarnpkg.com/@esbuild/darwin-arm64/-/darwin-arm64-0.27.3.tgz#9f6cac72b3a8532298a6a4493ed639a8988e8abd"
  integrity sha512-Re491k7ByTVRy0t3EKWajdLIr0gz2kKKfzafkth4Q8A5n1xTHrkqZgLLjFEHVD+AXdUGgQMq+Godfq45mGpCKg==

"@esbuild/darwin-x64@0.27.3":
  version "0.27.3"
  resolved "https://registry.yarnpkg.com/@esbuild/darwin-x64/-/darwin-x64-0.27.3.tgz#ac61d645faa37fd650340f1866b0812e1fb14d6a"
  integrity sha512-vHk/hA7/1AckjGzRqi6wbo+jaShzRowYip6rt6q7VYEDX4LEy1pZfDpdxCBnGtl+A5zq8iXDcyuxwtv3hNtHFg==

"@esbuild/freebsd-arm64@0.27.3":
  version "0.27.3"
  resolved "https://registry.yarnpkg.com/@esbuild/freebsd-arm64/-/freebsd-arm64-0.27.3.tgz#b8625689d73cf1830fe58c39051acdc12474ea1b"
  integrity sha512-ipTYM2fjt3kQAYOvo6vcxJx3nBYAzPjgTCk7QEgZG8AUO3ydUhvelmhrbOheMnGOlaSFUoHXB6un+A7q4ygY9w==

"@esbuild/freebsd-x64@0.27.3":
  version "0.27.3"
  resolved "https://registry.yarnpkg.com/@esbuild/freebsd-x64/-/freebsd-x64-0.27.3.tgz#07be7dd3c9d42fe0eccd2ab9f9ded780bc53bead"
  integrity sha512-dDk0X87T7mI6U3K9VjWtHOXqwAMJBNN2r7bejDsc+j03SEjtD9HrOl8gVFByeM0aJksoUuUVU9TBaZa2rgj0oA==

"@esbuild/linux-arm64@0.27.3":
  version "0.27.3"
  resolved "https://registry.yarnpkg.com/@esbuild/linux-arm64/-/linux-arm64-0.27.3.tgz#bf31918fe5c798586460d2b3d6c46ed2c01ca0b6"
  integrity sha512-sZOuFz/xWnZ4KH3YfFrKCf1WyPZHakVzTiqji3WDc0BCl2kBwiJLCXpzLzUBLgmp4veFZdvN5ChW4Eq/8Fc2Fg==

"@esbuild/linux-arm@0.27.3":
  version "0.27.3"
  resolved "https://registry.yarnpkg.com/@esbuild/linux-arm/-/linux-arm-0.27.3.tgz#28493ee46abec1dc3f500223cd9f8d2df08f9d11"
  integrity sha512-s6nPv2QkSupJwLYyfS+gwdirm0ukyTFNl3KTgZEAiJDd+iHZcbTPPcWCcRYH+WlNbwChgH2QkE9NSlNrMT8Gfw==

"@esbuild/linux-ia32@0.27.3":
  version "0.27.3"
  resolved "https://registry.yarnpkg.com/@esbuild/linux-ia32/-/linux-ia32-0.27.3.tgz#750752a8b30b43647402561eea764d0a41d0ee29"
  integrity sha512-yGlQYjdxtLdh0a3jHjuwOrxQjOZYD/C9PfdbgJJF3TIZWnm/tMd/RcNiLngiu4iwcBAOezdnSLAwQDPqTmtTYg==

"@esbuild/linux-loong64@0.27.3":
  version "0.27.3"
  resolved "https://registry.yarnpkg.com/@esbuild/linux-loong64/-/linux-loong64-0.27.3.tgz#a5a92813a04e71198c50f05adfaf18fc1e95b9ed"
  integrity sha512-WO60Sn8ly3gtzhyjATDgieJNet/KqsDlX5nRC5Y3oTFcS1l0KWba+SEa9Ja1GfDqSF1z6hif/SkpQJbL63cgOA==

"@esbuild/linux-mips64el@0.27.3":
  version "0.27.3"
  resolved "https://registry.yarnpkg.com/@esbuild/linux-mips64el/-/linux-mips64el-0.27.3.tgz#deb45d7fd2d2161eadf1fbc593637ed766d50bb1"
  integrity sha512-APsymYA6sGcZ4pD6k+UxbDjOFSvPWyZhjaiPyl/f79xKxwTnrn5QUnXR5prvetuaSMsb4jgeHewIDCIWljrSxw==

"@esbuild/linux-ppc64@0.27.3":
  version "0.27.3"
  resolved "https://registry.yarnpkg.com/@esbuild/linux-ppc64/-/linux-ppc64-0.27.3.tgz#6f39ae0b8c4d3d2d61a65b26df79f6e12a1c3d78"
  integrity sha512-eizBnTeBefojtDb9nSh4vvVQ3V9Qf9Df01PfawPcRzJH4gFSgrObw+LveUyDoKU3kxi5+9RJTCWlj4FjYXVPEA==

"@esbuild/linux-riscv64@0.27.3":
  version "0.27.3"
  resolved "https://registry.yarnpkg.com/@esbuild/linux-riscv64/-/linux-riscv64-0.27.3.tgz#4c5c19c3916612ec8e3915187030b9df0b955c1d"
  integrity sha512-3Emwh0r5wmfm3ssTWRQSyVhbOHvqegUDRd0WhmXKX2mkHJe1SFCMJhagUleMq+Uci34wLSipf8Lagt4LlpRFWQ==

"@esbuild/linux-s390x@0.27.3":
  version "0.27.3"
  resolved "https://registry.yarnpkg.com/@esbuild/linux-s390x/-/linux-s390x-0.27.3.tgz#9ed17b3198fa08ad5ccaa9e74f6c0aff7ad0156d"
  integrity sha512-pBHUx9LzXWBc7MFIEEL0yD/ZVtNgLytvx60gES28GcWMqil8ElCYR4kvbV2BDqsHOvVDRrOxGySBM9Fcv744hw==

"@esbuild/linux-x64@0.27.3":
  version "0.27.3"
  resolved "https://registry.yarnpkg.com/@esbuild/linux-x64/-/linux-x64-0.27.3.tgz#12383dcbf71b7cf6513e58b4b08d95a710bf52a5"
  integrity sha512-Czi8yzXUWIQYAtL/2y6vogER8pvcsOsk5cpwL4Gk5nJqH5UZiVByIY8Eorm5R13gq+DQKYg0+JyQoytLQas4dA==

"@esbuild/netbsd-arm64@0.27.3":
  version "0.27.3"
  resolved "https://registry.yarnpkg.com/@esbuild/netbsd-arm64/-/netbsd-arm64-0.27.3.tgz#dd0cb2fa543205fcd931df44f4786bfcce6df7d7"
  integrity sha512-sDpk0RgmTCR/5HguIZa9n9u+HVKf40fbEUt+iTzSnCaGvY9kFP0YKBWZtJaraonFnqef5SlJ8/TiPAxzyS+UoA==

"@esbuild/netbsd-x64@0.27.3":
  version "0.27.3"
  resolved "https://registry.yarnpkg.com/@esbuild/netbsd-x64/-/netbsd-x64-0.27.3.tgz#028ad1807a8e03e155153b2d025b506c3787354b"
  integrity sha512-P14lFKJl/DdaE00LItAukUdZO5iqNH7+PjoBm+fLQjtxfcfFE20Xf5CrLsmZdq5LFFZzb5JMZ9grUwvtVYzjiA==

"@esbuild/openbsd-arm64@0.27.3":
  version "0.27.3"
  resolved "https://registry.yarnpkg.com/@esbuild/openbsd-arm64/-/openbsd-arm64-0.27.3.tgz#e3c16ff3490c9b59b969fffca87f350ffc0e2af5"
  integrity sha512-AIcMP77AvirGbRl/UZFTq5hjXK+2wC7qFRGoHSDrZ5v5b8DK/GYpXW3CPRL53NkvDqb9D+alBiC/dV0Fb7eJcw==

"@esbuild/openbsd-x64@0.27.3":
  version "0.27.3"
  resolved "https://registry.yarnpkg.com/@esbuild/openbsd-x64/-/openbsd-x64-0.27.3.tgz#c5a4693fcb03d1cbecbf8b422422468dfc0d2a8b"
  integrity sha512-DnW2sRrBzA+YnE70LKqnM3P+z8vehfJWHXECbwBmH/CU51z6FiqTQTHFenPlHmo3a8UgpLyH3PT+87OViOh1AQ==

"@esbuild/openharmony-arm64@0.27.3":
  version "0.27.3"
  resolved "https://registry.yarnpkg.com/@esbuild/openharmony-arm64/-/openharmony-arm64-0.27.3.tgz#082082444f12db564a0775a41e1991c0e125055e"
  integrity sha512-NinAEgr/etERPTsZJ7aEZQvvg/A6IsZG/LgZy+81wON2huV7SrK3e63dU0XhyZP4RKGyTm7aOgmQk0bGp0fy2g==

"@esbuild/sunos-x64@0.27.3":
  version "0.27.3"
  resolved "https://registry.yarnpkg.com/@esbuild/sunos-x64/-/sunos-x64-0.27.3.tgz#5ab036c53f929e8405c4e96e865a424160a1b537"
  integrity sha512-PanZ+nEz+eWoBJ8/f8HKxTTD172SKwdXebZ0ndd953gt1HRBbhMsaNqjTyYLGLPdoWHy4zLU7bDVJztF5f3BHA==

"@esbuild/win32-arm64@0.27.3":
  version "0.27.3"
  resolved "https://registry.yarnpkg.com/@esbuild/win32-arm64/-/win32-arm64-0.27.3.tgz#38de700ef4b960a0045370c171794526e589862e"
  integrity sha512-B2t59lWWYrbRDw/tjiWOuzSsFh1Y/E95ofKz7rIVYSQkUYBjfSgf6oeYPNWHToFRr2zx52JKApIcAS/D5TUBnA==

"@esbuild/win32-ia32@0.27.3":
  version "0.27.3"
  resolved "https://registry.yarnpkg.com/@esbuild/win32-ia32/-/win32-ia32-0.27.3.tgz#451b93dc03ec5d4f38619e6cd64d9f9eff06f55c"
  integrity sha512-QLKSFeXNS8+tHW7tZpMtjlNb7HKau0QDpwm49u0vUp9y1WOF+PEzkU84y9GqYaAVW8aH8f3GcBck26jh54cX4Q==

"@esbuild/win32-x64@0.27.3":
  version "0.27.3"
  resolved "https://registry.yarnpkg.com/@esbuild/win32-x64/-/win32-x64-0.27.3.tgz#0eaf705c941a218a43dba8e09f1df1d6cd2f1f17"
  integrity sha512-4uJGhsxuptu3OcpVAzli+/gWusVGwZZHTlS63hh++ehExkVT8SgiEf7/uC/PclrPPkLhZqGgCTjd0VWLo6xMqA==

"@isaacs/cliui@^9.0.0":
  version "9.0.0"
  resolved "https://registry.yarnpkg.com/@isaacs/cliui/-/cliui-9.0.0.tgz#4d0a3f127058043bf2e7ee169eaf30ed901302f3"
  integrity sha512-AokJm4tuBHillT+FpMtxQ60n8ObyXBatq7jD2/JA9dxbDDokKQm8KMht5ibGzLVU9IJDIKK4TPKgMHEYMn3lMg==

"@types/node@^22.0.0":
  version "22.19.11"
  resolved "https://registry.yarnpkg.com/@types/node/-/node-22.19.11.tgz#7e1feaad24e4e36c52fa5558d5864bb4b272603e"
  integrity sha512-BH7YwL6rA93ReqeQS1c4bsPpcfOmJasG+Fkr6Y59q83f9M1WcBRHR2vM+P9eOisYRcN3ujQoiZY8uk5W+1WL8w==
  dependencies:
    undici-types "~6.21.0"

argparse@^1.0.7:
  version "1.0.10"
  resolved "https://registry.yarnpkg.com/argparse/-/argparse-1.0.10.tgz#bcd6791ea5ae09725e17e5ad988134cd40b3d911"
  integrity sha512-o5Roy6tNG4SL/FOkCAN6RzjiakZS25RLYFrcMttJqbdd8BWrnA+fGz57iN5Pb06pvBGvl5gQ0B48dJlslXvoTg==
  dependencies:
    sprintf-js "~1.0.2"

argparse@^2.0.1:
  version "2.0.1"
  resolved "https://registry.yarnpkg.com/argparse/-/argparse-2.0.1.tgz#246f50f3ca78a3240f6c997e8a9bd1eac49e4b38"
  integrity sha512-8+9WqebbFzpX9OR+Wa6O29asIogeRMzcGtAINdpMHHyAg10f05aSFVBbcEqGf/PXw1EjAZ+q2/bEBg3DvurK3Q==

balanced-match@^4.0.2:
  version "4.0.4"
  resolved "https://registry.yarnpkg.com/balanced-match/-/balanced-match-4.0.4.tgz#bfb10662feed8196a2c62e7c68e17720c274179a"
  integrity sha512-BLrgEcRTwX2o6gGxGOCNyMvGSp35YofuYzw9h1IMTRmKqttAZZVU67bdb9Pr2vUHA8+j3i2tJfjO6C6+4myGTA==

brace-expansion@^5.0.2:
  version "5.0.3"
  resolved "https://registry.yarnpkg.com/brace-expansion/-/brace-expansion-5.0.3.tgz#6a9c6c268f85b53959ec527aeafe0f7300258eef"
  integrity sha512-fy6KJm2RawA5RcHkLa1z/ScpBeA762UF9KmZQxwIbDtRJrgLzM10depAiEQ+CXYcoiqW1/m96OAAoke2nE9EeA==
  dependencies:
    balanced-match "^4.0.2"

commander@12.1.0:
  version "12.1.0"
  resolved "https://registry.yarnpkg.com/commander/-/commander-12.1.0.tgz#01423b36f501259fdaac4d0e4d60c96c991585d3"
  integrity sha512-Vw8qHK3bZM9y/P10u3Vib8o/DdkvA2OtPtZvD871QKjy74Wj1WSKFILMPRPSdUSx5RFK1arlJzEtA4PkFgnbuA==

cross-spawn@^7.0.6:
  version "7.0.6"
  resolved "https://registry.yarnpkg.com/cross-spawn/-/cross-spawn-7.0.6.tgz#8a58fe78f00dcd70c370451759dfbfaf03e8ee9f"
  integrity sha512-uV2QOWP2nWzsy2aMp8aRibhi9dlzF5Hgh5SHaB9OiTGEyDTiJJyx0uy51QXdyWbtAHNua4XJzUKca3OzKUd3vA==
  dependencies:
    path-key "^3.1.0"
    shebang-command "^2.0.0"
    which "^2.0.1"

esbuild@~0.27.0:
  version "0.27.3"
  resolved "https://registry.yarnpkg.com/esbuild/-/esbuild-0.27.3.tgz#5859ca8e70a3af956b26895ce4954d7e73bd27a8"
  integrity sha512-8VwMnyGCONIs6cWue2IdpHxHnAjzxnw2Zr7MkVxB2vjmQ2ivqGFb4LEG3SMnv0Gb2F/G/2yA8zUaiL1gywDCCg==
  optionalDependencies:
    "@esbuild/aix-ppc64" "0.27.3"
    "@esbuild/android-arm" "0.27.3"
    "@esbuild/android-arm64" "0.27.3"
    "@esbuild/android-x64" "0.27.3"
    "@esbuild/darwin-arm64" "0.27.3"
    "@esbuild/darwin-x64" "0.27.3"
    "@esbuild/freebsd-arm64" "0.27.3"
    "@esbuild/freebsd-x64" "0.27.3"
    "@esbuild/linux-arm" "0.27.3"
    "@esbuild/linux-arm64" "0.27.3"
    "@esbuild/linux-ia32" "0.27.3"
    "@esbuild/linux-loong64" "0.27.3"
    "@esbuild/linux-mips64el" "0.27.3"
    "@esbuild/linux-ppc64" "0.27.3"
    "@esbuild/linux-riscv64" "0.27.3"
    "@esbuild/linux-s390x" "0.27.3"
    "@esbuild/linux-x64" "0.27.3"
    "@esbuild/netbsd-arm64" "0.27.3"
    "@esbuild/netbsd-x64" "0.27.3"
    "@esbuild/openbsd-arm64" "0.27.3"
    "@esbuild/openbsd-x64" "0.27.3"
    "@esbuild/openharmony-arm64" "0.27.3"
    "@esbuild/sunos-x64" "0.27.3"
    "@esbuild/win32-arm64" "0.27.3"
    "@esbuild/win32-ia32" "0.27.3"
    "@esbuild/win32-x64" "0.27.3"

esprima@^4.0.0:
  version "4.0.1"
  resolved "https://registry.yarnpkg.com/esprima/-/esprima-4.0.1.tgz#13b04cdb3e6c5d19df91ab6987a8695619b0aa71"
  integrity sha512-eGuFFw7Upda+g4p+QHvnW0RyTX/SVeJBDM/gCtMARO0cLuT2HcEKnTPvhjV6aGeqrCB/sbNop0Kszm0jsaWU4A==

extend-shallow@^2.0.1:
  version "2.0.1"
  resolved "https://registry.yarnpkg.com/extend-shallow/-/extend-shallow-2.0.1.tgz#51af7d614ad9a9f610ea1bafbb989d6b1c56890f"
  integrity sha512-zCnTtlxNoAiDc3gqY2aYAWFx7XWWiasuF2K8Me5WbN8otHKTUKBwjPtNpRs/rbUZm7KxWAaNj7P1a/p52GbVug==
  dependencies:
    is-extendable "^0.1.0"

foreground-child@^3.1.0:
  version "3.3.1"
  resolved "https://registry.yarnpkg.com/foreground-child/-/foreground-child-3.3.1.tgz#32e8e9ed1b68a3497befb9ac2b6adf92a638576f"
  integrity sha512-gIXjKqtFuWEgzFRJA9WCQeSJLZDjgJUOMCMzxtvFq/37KojM1BFGufqsCy0r4qSQmYLsZYMeyRqzIWOMup03sw==
  dependencies:
    cross-spawn "^7.0.6"
    signal-exit "^4.0.1"

fsevents@~2.3.3:
  version "2.3.3"
  resolved "https://registry.yarnpkg.com/fsevents/-/fsevents-2.3.3.tgz#cac6407785d03675a2a5e1a5305c697b347d90d6"
  integrity sha512-5xoDfX+fL7faATnagmWPpbFtwh/R77WmMMqqHGS65C3vvB0YHrgF+B1YmZ3441tMj5n63k0212XNoJwzlhffQw==

get-tsconfig@^4.7.5:
  version "4.13.6"
  resolved "https://registry.yarnpkg.com/get-tsconfig/-/get-tsconfig-4.13.6.tgz#2fbfda558a98a691a798f123afd95915badce876"
  integrity sha512-shZT/QMiSHc/YBLxxOkMtgSid5HFoauqCE3/exfsEcwg1WkeqjG+V40yBbBrsD+jW2HDXcs28xOfcbm2jI8Ddw==
  dependencies:
    resolve-pkg-maps "^1.0.0"

glob@11.0.0:
  version "11.0.0"
  resolved "https://registry.yarnpkg.com/glob/-/glob-11.0.0.tgz#6031df0d7b65eaa1ccb9b29b5ced16cea658e77e"
  integrity sha512-9UiX/Bl6J2yaBbxKoEBRm4Cipxgok8kQYcOPEhScPwebu2I0HoQOuYdIO6S3hLuWoZgpDpwQZMzTFxgpkyT76g==
  dependencies:
    foreground-child "^3.1.0"
    jackspeak "^4.0.1"
    minimatch "^10.0.0"
    minipass "^7.1.2"
    package-json-from-dist "^1.0.0"
    path-scurry "^2.0.0"

gray-matter@4.0.3:
  version "4.0.3"
  resolved "https://registry.yarnpkg.com/gray-matter/-/gray-matter-4.0.3.tgz#e893c064825de73ea1f5f7d88c7a9f7274288798"
  integrity sha512-5v6yZd4JK3eMI3FqqCouswVqwugaA9r4dNZB1wwcmrD02QkV5H0y7XBQW8QwQqEaZY1pM9aqORSORhJRdNK44Q==
  dependencies:
    js-yaml "^3.13.1"
    kind-of "^6.0.2"
    section-matter "^1.0.0"
    strip-bom-string "^1.0.0"

is-extendable@^0.1.0:
  version "0.1.1"
  resolved "https://registry.yarnpkg.com/is-extendable/-/is-extendable-0.1.1.tgz#62b110e289a471418e3ec36a617d472e301dfc89"
  integrity sha512-5BMULNob1vgFX6EjQw5izWDxrecWK9AM72rugNr0TFldMOi0fj6Jk+zeKIt0xGj4cEfQIJth4w3OKWOJ4f+AFw==

isexe@^2.0.0:
  version "2.0.0"
  resolved "https://registry.yarnpkg.com/isexe/-/isexe-2.0.0.tgz#e8fbf374dc556ff8947a10dcb0572d633f2cfa10"
  integrity sha512-RHxMLp9lnKHGHRng9QFhRCMbYAcVpn69smSGcq3f36xjgVVWThj4qqLbTLlq7Ssj8B+fIQ1EuCEGI2lKsyQeIw==

jackspeak@^4.0.1:
  version "4.2.3"
  resolved "https://registry.yarnpkg.com/jackspeak/-/jackspeak-4.2.3.tgz#27ef80f33b93412037c3bea4f8eddf80e1931483"
  integrity sha512-ykkVRwrYvFm1nb2AJfKKYPr0emF6IiXDYUaFx4Zn9ZuIH7MrzEZ3sD5RlqGXNRpHtvUHJyOnCEFxOlNDtGo7wg==
  dependencies:
    "@isaacs/cliui" "^9.0.0"

js-yaml@4.1.1:
  version "4.1.1"
  resolved "https://registry.yarnpkg.com/js-yaml/-/js-yaml-4.1.1.tgz#854c292467705b699476e1a2decc0c8a3458806b"
  integrity sha512-qQKT4zQxXl8lLwBtHMWwaTcGfFOZviOJet3Oy/xmGk2gZH677CJM9EvtfdSkgWcATZhj/55JZ0rmy3myCT5lsA==
  dependencies:
    argparse "^2.0.1"

js-yaml@^3.13.1:
  version "3.14.2"
  resolved "https://registry.yarnpkg.com/js-yaml/-/js-yaml-3.14.2.tgz#77485ce1dd7f33c061fd1b16ecea23b55fcb04b0"
  integrity sha512-PMSmkqxr106Xa156c2M265Z+FTrPl+oxd/rgOQy2tijQeK5TxQ43psO1ZCwhVOSdnn+RzkzlRz/eY4BgJBYVpg==
  dependencies:
    argparse "^1.0.7"
    esprima "^4.0.0"

kind-of@^6.0.0, kind-of@^6.0.2:
  version "6.0.3"
  resolved "https://registry.yarnpkg.com/kind-of/-/kind-of-6.0.3.tgz#07c05034a6c349fa06e24fa35aa76db4580ce4dd"
  integrity sha512-dcS1ul+9tmeD95T+x28/ehLgd9mENa3LsvDTtzm3vyBEO7RPptvAD+t44WVXaUjTBRcrpFeFlC8WCruUR456hw==

lru-cache@^11.0.0:
  version "11.2.6"
  resolved "https://registry.yarnpkg.com/lru-cache/-/lru-cache-11.2.6.tgz#356bf8a29e88a7a2945507b31f6429a65a192c58"
  integrity sha512-ESL2CrkS/2wTPfuend7Zhkzo2u0daGJ/A2VucJOgQ/C48S/zB8MMeMHSGKYpXhIjbPxfuezITkaBH1wqv00DDQ==

minimatch@^10.0.0:
  version "10.2.2"
  resolved "https://registry.yarnpkg.com/minimatch/-/minimatch-10.2.2.tgz#361603ee323cfb83496fea2ae17cc44ea4e1f99f"
  integrity sha512-+G4CpNBxa5MprY+04MbgOw1v7So6n5JY166pFi9KfYwT78fxScCeSNQSNzp6dpPSW2rONOps6Ocam1wFhCgoVw==
  dependencies:
    brace-expansion "^5.0.2"

minipass@^7.1.2:
  version "7.1.3"
  resolved "https://registry.yarnpkg.com/minipass/-/minipass-7.1.3.tgz#79389b4eb1bb2d003a9bba87d492f2bd37bdc65b"
  integrity sha512-tEBHqDnIoM/1rXME1zgka9g6Q2lcoCkxHLuc7ODJ5BxbP5d4c2Z5cGgtXAku59200Cx7diuHTOYfSBD8n6mm8A==

package-json-from-dist@^1.0.0:
  version "1.0.1"
  resolved "https://registry.yarnpkg.com/package-json-from-dist/-/package-json-from-dist-1.0.1.tgz#4f1471a010827a86f94cfd9b0727e36d267de505"
  integrity sha512-UEZIS3/by4OC8vL3P2dTXRETpebLI2NiI5vIrjaD/5UtrkFX/tNbwjTSRAGC/+7CAo2pIcBaRgWmcBBHcsaCIw==

path-key@^3.1.0:
  version "3.1.1"
  resolved "https://registry.yarnpkg.com/path-key/-/path-key-3.1.1.tgz#581f6ade658cbba65a0d3380de7753295054f375"
  integrity sha512-ojmeN0qd+y0jszEtoY48r0Peq5dwMEkIlCOu6Q5f41lfkswXuKtYrhgoTpLnyIcHm24Uhqx+5Tqm2InSwLhE6Q==

path-scurry@^2.0.0:
  version "2.0.2"
  resolved "https://registry.yarnpkg.com/path-scurry/-/path-scurry-2.0.2.tgz#6be0d0ee02a10d9e0de7a98bae65e182c9061f85"
  integrity sha512-3O/iVVsJAPsOnpwWIeD+d6z/7PmqApyQePUtCndjatj/9I5LylHvt5qluFaBT3I5h3r1ejfR056c+FCv+NnNXg==
  dependencies:
    lru-cache "^11.0.0"
    minipass "^7.1.2"

resolve-pkg-maps@^1.0.0:
  version "1.0.0"
  resolved "https://registry.yarnpkg.com/resolve-pkg-maps/-/resolve-pkg-maps-1.0.0.tgz#616b3dc2c57056b5588c31cdf4b3d64db133720f"
  integrity sha512-seS2Tj26TBVOC2NIc2rOe2y2ZO7efxITtLZcGSOnHHNOQ7CkiUBfw0Iw2ck6xkIhPwLhKNLS8BO+hEpngQlqzw==

section-matter@^1.0.0:
  version "1.0.0"
  resolved "https://registry.yarnpkg.com/section-matter/-/section-matter-1.0.0.tgz#e9041953506780ec01d59f292a19c7b850b84167"
  integrity sha512-vfD3pmTzGpufjScBh50YHKzEu2lxBWhVEHsNGoEXmCmn2hKGfeNLYMzCJpe8cD7gqX7TJluOVpBkAequ6dgMmA==
  dependencies:
    extend-shallow "^2.0.1"
    kind-of "^6.0.0"

shebang-command@^2.0.0:
  version "2.0.0"
  resolved "https://registry.yarnpkg.com/shebang-command/-/shebang-command-2.0.0.tgz#ccd0af4f8835fbdc265b82461aaf0c36663f34ea"
  integrity sha512-kHxr2zZpYtdmrN1qDjrrX/Z1rR1kG8Dx+gkpK1G4eXmvXswmcE1hTWBWYUzlraYw1/yZp6YuDY77YtvbN0dmDA==
  dependencies:
    shebang-regex "^3.0.0"

shebang-regex@^3.0.0:
  version "3.0.0"
  resolved "https://registry.yarnpkg.com/shebang-regex/-/shebang-regex-3.0.0.tgz#ae16f1644d873ecad843b0307b143362d4c42172"
  integrity sha512-7++dFhtcx3353uBaq8DDR4NuxBetBzC7ZQOhmTQInHEd6bSrXdiEyzCvG07Z44UYdLShWUyXt5M/yhz8ekcb1A==

signal-exit@^4.0.1:
  version "4.1.0"
  resolved "https://registry.yarnpkg.com/signal-exit/-/signal-exit-4.1.0.tgz#952188c1cbd546070e2dd20d0f41c0ae0530cb04"
  integrity sha512-bzyZ1e88w9O1iNJbKnOlvYTrWPDl46O1bG0D3XInv+9tkPrxrN8jUUTiFlDkkmKWgn1M6CfIA13SuGqOa9Korw==

sprintf-js@~1.0.2:
  version "1.0.3"
  resolved "https://registry.yarnpkg.com/sprintf-js/-/sprintf-js-1.0.3.tgz#04e6926f662895354f3dd015203633b857297e2c"
  integrity sha512-D9cPgkvLlV3t3IzL0D0YLvGA9Ahk4PcvVwUbN0dSGr1aP0Nrt4AEnTUbuGvquEC0mA64Gqt1fzirlRs5ibXx8g==

strip-bom-string@^1.0.0:
  version "1.0.0"
  resolved "https://registry.yarnpkg.com/strip-bom-string/-/strip-bom-string-1.0.0.tgz#e5211e9224369fbb81d633a2f00044dc8cedad92"
  integrity sha512-uCC2VHvQRYu+lMh4My/sFNmF2klFymLX1wHJeXnbEJERpV/ZsVuonzerjfrGpIGF7LBVa1O7i9kjiWvJiFck8g==

tsx@^4.19.0:
  version "4.21.0"
  resolved "https://registry.yarnpkg.com/tsx/-/tsx-4.21.0.tgz#32aa6cf17481e336f756195e6fe04dae3e6308b1"
  integrity sha512-5C1sg4USs1lfG0GFb2RLXsdpXqBSEhAaA/0kPL01wxzpMqLILNxIxIOKiILz+cdg/pLnOUxFYOR5yhHU666wbw==
  dependencies:
    esbuild "~0.27.0"
    get-tsconfig "^4.7.5"
  optionalDependencies:
    fsevents "~2.3.3"

typescript@^5.5.0:
  version "5.9.3"
  resolved "https://registry.yarnpkg.com/typescript/-/typescript-5.9.3.tgz#5b4f59e15310ab17a216f5d6cf53ee476ede670f"
  integrity sha512-jl1vZzPDinLr9eUt3J/t7V6FgNEw9QjvBPdysz9KfQDD41fQrC2Y4vKQdiaUpFT4bXlb1RHhLpp8wtm6M5TgSw==

undici-types@~6.21.0:
  version "6.21.0"
  resolved "https://registry.yarnpkg.com/undici-types/-/undici-types-6.21.0.tgz#691d00af3909be93a7faa13be61b3a5b50ef12cb"
  integrity sha512-iwDZqg0QAGrg9Rav5H4n0M64c3mkR59cJ6wQp+7C4nI0gsmExaedaYLNO44eT4AtBBwjbTiGPMlt2Md0T9H9JQ==

which@^2.0.1:
  version "2.0.2"
  resolved "https://registry.yarnpkg.com/which/-/which-2.0.2.tgz#7c6a8dd0a636a0327e10b59c9286eee93f3f51b1"
  integrity sha512-BLI3Tl1TW3Pvl70l3yq3Y64i+awpwXqsGBYWkkqMtnbXgrMD+yj7rhW0kuEDxzJaYXGjEW5ogapKNMEKNMjibA==
  dependencies:
    isexe "^2.0.0"
